// !$*UTF8*$!
{
	archiveVersion = 1;
	classes = {
	};
	objectVersion = 46;
	objects = {

/* Begin PBXBuildFile section */
		A164CCE31AF25E090046ED2F /* Experiment1ViewController.swift in Sources */ = {isa = PBXBuildFile; fileRef = A164CCE21AF25E090046ED2F /* Experiment1ViewController.swift */; };
		A164CCE51AF25E370046ED2F /* Experiment2ViewController.swift in Sources */ = {isa = PBXBuildFile; fileRef = A164CCE41AF25E370046ED2F /* Experiment2ViewController.swift */; };
		A164CCE71AF25E420046ED2F /* Experiment3ViewController.swift in Sources */ = {isa = PBXBuildFile; fileRef = A164CCE61AF25E420046ED2F /* Experiment3ViewController.swift */; };
		A164CCE91AF25E4C0046ED2F /* Experiment4ViewController.swift in Sources */ = {isa = PBXBuildFile; fileRef = A164CCE81AF25E4C0046ED2F /* Experiment4ViewController.swift */; };
		A164CCEB1AF2A2D20046ED2F /* Experiment5ViewController.swift in Sources */ = {isa = PBXBuildFile; fileRef = A164CCEA1AF2A2D20046ED2F /* Experiment5ViewController.swift */; };
		A164CCED1AF2ACE00046ED2F /* Experiment6ViewController.swift in Sources */ = {isa = PBXBuildFile; fileRef = A164CCEC1AF2ACE00046ED2F /* Experiment6ViewController.swift */; };
		A164CCEF1AF2DFFE0046ED2F /* KeyboardToolbar.xib in Resources */ = {isa = PBXBuildFile; fileRef = A164CCEE1AF2DFFE0046ED2F /* KeyboardToolbar.xib */; };
		A164CCF11AF2E0A40046ED2F /* KeyboardToolbar.swift in Sources */ = {isa = PBXBuildFile; fileRef = A164CCF01AF2E0A40046ED2F /* KeyboardToolbar.swift */; };
		A18FD4521AF0FFEA00CBA8BF /* AppDelegate.swift in Sources */ = {isa = PBXBuildFile; fileRef = A18FD4511AF0FFEA00CBA8BF /* AppDelegate.swift */; };
		A18FD4541AF0FFEA00CBA8BF /* ViewController.swift in Sources */ = {isa = PBXBuildFile; fileRef = A18FD4531AF0FFEA00CBA8BF /* ViewController.swift */; };
		A18FD4571AF0FFEA00CBA8BF /* Main.storyboard in Resources */ = {isa = PBXBuildFile; fileRef = A18FD4551AF0FFEA00CBA8BF /* Main.storyboard */; };
		A18FD4591AF0FFEA00CBA8BF /* Images.xcassets in Resources */ = {isa = PBXBuildFile; fileRef = A18FD4581AF0FFEA00CBA8BF /* Images.xcassets */; };
		A18FD45C1AF0FFEA00CBA8BF /* LaunchScreen.xib in Resources */ = {isa = PBXBuildFile; fileRef = A18FD45A1AF0FFEA00CBA8BF /* LaunchScreen.xib */; };
		KIYDQKWBMRKIEYEVRWSLKUDQ /* QuartzCore.framework in Frameworks */ = {isa = PBXBuildFile; fileRef = HYXIFWTDXJPPRRMDCEPMDTJH /* QuartzCore.framework */; };
		KNPONLATPTEBRUFEBXNXFHCQ /* libz.dylib in Frameworks */ = {isa = PBXBuildFile; fileRef = THBDITSPYVFDWQYYBDCIDIXG /* libz.dylib */; };
/* End PBXBuildFile section */

/* Begin PBXFileReference section */
		A164CCE21AF25E090046ED2F /* Experiment1ViewController.swift */ = {isa = PBXFileReference; fileEncoding = 4; lastKnownFileType = sourcecode.swift; path = Experiment1ViewController.swift; sourceTree = "<group>"; };
		A164CCE41AF25E370046ED2F /* Experiment2ViewController.swift */ = {isa = PBXFileReference; fileEncoding = 4; lastKnownFileType = sourcecode.swift; path = Experiment2ViewController.swift; sourceTree = "<group>"; };
		A164CCE61AF25E420046ED2F /* Experiment3ViewController.swift */ = {isa = PBXFileReference; fileEncoding = 4; lastKnownFileType = sourcecode.swift; path = Experiment3ViewController.swift; sourceTree = "<group>"; };
		A164CCE81AF25E4C0046ED2F /* Experiment4ViewController.swift */ = {isa = PBXFileReference; fileEncoding = 4; lastKnownFileType = sourcecode.swift; path = Experiment4ViewController.swift; sourceTree = "<group>"; };
		A164CCEA1AF2A2D20046ED2F /* Experiment5ViewController.swift */ = {isa = PBXFileReference; fileEncoding = 4; lastKnownFileType = sourcecode.swift; path = Experiment5ViewController.swift; sourceTree = "<group>"; };
		A164CCEC1AF2ACE00046ED2F /* Experiment6ViewController.swift */ = {isa = PBXFileReference; fileEncoding = 4; lastKnownFileType = sourcecode.swift; path = Experiment6ViewController.swift; sourceTree = "<group>"; };
		A164CCEE1AF2DFFE0046ED2F /* KeyboardToolbar.xib */ = {isa = PBXFileReference; fileEncoding = 4; lastKnownFileType = file.xib; path = KeyboardToolbar.xib; sourceTree = "<group>"; };
		A164CCF01AF2E0A40046ED2F /* KeyboardToolbar.swift */ = {isa = PBXFileReference; fileEncoding = 4; lastKnownFileType = sourcecode.swift; path = KeyboardToolbar.swift; sourceTree = "<group>"; };
		A18FD44C1AF0FFEA00CBA8BF /* PrototypingNewMessage.app */ = {isa = PBXFileReference; explicitFileType = wrapper.application; includeInIndex = 0; path = PrototypingNewMessage.app; sourceTree = BUILT_PRODUCTS_DIR; };
		A18FD4501AF0FFEA00CBA8BF /* Info.plist */ = {isa = PBXFileReference; lastKnownFileType = text.plist.xml; path = Info.plist; sourceTree = "<group>"; };
		A18FD4511AF0FFEA00CBA8BF /* AppDelegate.swift */ = {isa = PBXFileReference; lastKnownFileType = sourcecode.swift; path = AppDelegate.swift; sourceTree = "<group>"; };
		A18FD4531AF0FFEA00CBA8BF /* ViewController.swift */ = {isa = PBXFileReference; lastKnownFileType = sourcecode.swift; path = ViewController.swift; sourceTree = "<group>"; };
		A18FD4561AF0FFEA00CBA8BF /* Base */ = {isa = PBXFileReference; lastKnownFileType = file.storyboard; name = Base; path = Base.lproj/Main.storyboard; sourceTree = "<group>"; };
		A18FD4581AF0FFEA00CBA8BF /* Images.xcassets */ = {isa = PBXFileReference; lastKnownFileType = folder.assetcatalog; path = Images.xcassets; sourceTree = "<group>"; };
		A18FD45B1AF0FFEA00CBA8BF /* Base */ = {isa = PBXFileReference; lastKnownFileType = file.xib; name = Base; path = Base.lproj/LaunchScreen.xib; sourceTree = "<group>"; };
		A18FD4661AF0FFEA00CBA8BF /* Info.plist */ = {isa = PBXFileReference; lastKnownFileType = text.plist.xml; path = Info.plist; sourceTree = "<group>"; };
		A18FD4671AF0FFEA00CBA8BF /* PrototypingNewMessageTests.swift */ = {isa = PBXFileReference; lastKnownFileType = sourcecode.swift; path = PrototypingNewMessageTests.swift; sourceTree = "<group>"; };
		HYXIFWTDXJPPRRMDCEPMDTJH /* QuartzCore.framework */ = {isa = PBXFileReference; lastKnownFileType = wrapper.framework; name = QuartzCore.framework; path = System/Library/Frameworks/QuartzCore.framework; sourceTree = SDKROOT; };
		QMNTBWVDMICWTEJGUAKXRYSM /* SparkInspector.framework */ = {isa = PBXFileReference; lastKnownFileType = wrapper.framework; name = SparkInspector.framework; path = "/Applications/Spark Inspector.app/Contents/Resources/Frameworks/SparkInspector.framework"; sourceTree = "<group>"; };
		THBDITSPYVFDWQYYBDCIDIXG /* libz.dylib */ = {isa = PBXFileReference; lastKnownFileType = "compiled.mach-o.dylib"; name = libz.dylib; path = usr/lib/libz.dylib; sourceTree = SDKROOT; };
/* End PBXFileReference section */

/* Begin PBXFrameworksBuildPhase section */
		A18FD4491AF0FFEA00CBA8BF /* Frameworks */ = {
			isa = PBXFrameworksBuildPhase;
			buildActionMask = 2147483647;
			files = (
				KIYDQKWBMRKIEYEVRWSLKUDQ /* QuartzCore.framework in Frameworks */,
				KNPONLATPTEBRUFEBXNXFHCQ /* libz.dylib in Frameworks */,
			);
			runOnlyForDeploymentPostprocessing = 0;
		};
/* End PBXFrameworksBuildPhase section */

/* Begin PBXGroup section */
		A18FD4431AF0FFEA00CBA8BF = {
			isa = PBXGroup;
			children = (
				A18FD44E1AF0FFEA00CBA8BF /* PrototypingNewMessage */,
				A18FD4641AF0FFEA00CBA8BF /* PrototypingNewMessageTests */,
				A18FD44D1AF0FFEA00CBA8BF /* Products */,
			);
			sourceTree = "<group>";
		};
		A18FD44D1AF0FFEA00CBA8BF /* Products */ = {
			isa = PBXGroup;
			children = (
				A18FD44C1AF0FFEA00CBA8BF /* PrototypingNewMessage.app */,
				HYXIFWTDXJPPRRMDCEPMDTJH /* QuartzCore.framework */,
				THBDITSPYVFDWQYYBDCIDIXG /* libz.dylib */,
				QMNTBWVDMICWTEJGUAKXRYSM /* SparkInspector.framework */,
			);
			name = Products;
			sourceTree = "<group>";
		};
		A18FD44E1AF0FFEA00CBA8BF /* PrototypingNewMessage */ = {
			isa = PBXGroup;
			children = (
				A18FD4511AF0FFEA00CBA8BF /* AppDelegate.swift */,
				A164CCE21AF25E090046ED2F /* Experiment1ViewController.swift */,
				A164CCE41AF25E370046ED2F /* Experiment2ViewController.swift */,
				A164CCE61AF25E420046ED2F /* Experiment3ViewController.swift */,
				A164CCE81AF25E4C0046ED2F /* Experiment4ViewController.swift */,
				A164CCEA1AF2A2D20046ED2F /* Experiment5ViewController.swift */,
				A164CCEC1AF2ACE00046ED2F /* Experiment6ViewController.swift */,
				A18FD4531AF0FFEA00CBA8BF /* ViewController.swift */,
				A18FD4551AF0FFEA00CBA8BF /* Main.storyboard */,
				A18FD4581AF0FFEA00CBA8BF /* Images.xcassets */,
				A18FD45A1AF0FFEA00CBA8BF /* LaunchScreen.xib */,
				A164CCEE1AF2DFFE0046ED2F /* KeyboardToolbar.xib */,
				A164CCF01AF2E0A40046ED2F /* KeyboardToolbar.swift */,
				A18FD44F1AF0FFEA00CBA8BF /* Supporting Files */,
			);
			path = PrototypingNewMessage;
			sourceTree = "<group>";
		};
		A18FD44F1AF0FFEA00CBA8BF /* Supporting Files */ = {
			isa = PBXGroup;
			children = (
				A18FD4501AF0FFEA00CBA8BF /* Info.plist */,
			);
			name = "Supporting Files";
			sourceTree = "<group>";
		};
		A18FD4641AF0FFEA00CBA8BF /* PrototypingNewMessageTests */ = {
			isa = PBXGroup;
			children = (
				A18FD4671AF0FFEA00CBA8BF /* PrototypingNewMessageTests.swift */,
				A18FD4651AF0FFEA00CBA8BF /* Supporting Files */,
			);
			path = PrototypingNewMessageTests;
			sourceTree = "<group>";
		};
		A18FD4651AF0FFEA00CBA8BF /* Supporting Files */ = {
			isa = PBXGroup;
			children = (
				A18FD4661AF0FFEA00CBA8BF /* Info.plist */,
			);
			name = "Supporting Files";
			sourceTree = "<group>";
		};
/* End PBXGroup section */

/* Begin PBXNativeTarget section */
		A18FD44B1AF0FFEA00CBA8BF /* PrototypingNewMessage */ = {
			isa = PBXNativeTarget;
			buildConfigurationList = A18FD46B1AF0FFEA00CBA8BF /* Build configuration list for PBXNativeTarget "PrototypingNewMessage" */;
			buildPhases = (
				A18FD4481AF0FFEA00CBA8BF /* Sources */,
				A18FD4491AF0FFEA00CBA8BF /* Frameworks */,
				A18FD44A1AF0FFEA00CBA8BF /* Resources */,
			);
			buildRules = (
			);
			dependencies = (
			);
			name = PrototypingNewMessage;
			productName = PrototypingNewMessage;
			productReference = A18FD44C1AF0FFEA00CBA8BF /* PrototypingNewMessage.app */;
			productType = "com.apple.product-type.application";
		};
/* End PBXNativeTarget section */

/* Begin PBXProject section */
		A18FD4441AF0FFEA00CBA8BF /* Project object */ = {
			isa = PBXProject;
			attributes = {
				LastUpgradeCheck = 0630;
				ORGANIZATIONNAME = "Plamen Andreev";
				TargetAttributes = {
					A18FD44B1AF0FFEA00CBA8BF = {
						CreatedOnToolsVersion = 6.3.1;
						DevelopmentTeam = XQ4NA9RXB4;
					};
				};
			};
			buildConfigurationList = A18FD4471AF0FFEA00CBA8BF /* Build configuration list for PBXProject "PrototypingNewMessage" */;
			compatibilityVersion = "Xcode 3.2";
			developmentRegion = English;
			hasScannedForEncodings = 0;
			knownRegions = (
				en,
				Base,
			);
			mainGroup = A18FD4431AF0FFEA00CBA8BF;
			productRefGroup = A18FD44D1AF0FFEA00CBA8BF /* Products */;
			projectDirPath = "";
			projectRoot = "";
			targets = (
				A18FD44B1AF0FFEA00CBA8BF /* PrototypingNewMessage */,
			);
		};
/* End PBXProject section */

/* Begin PBXResourcesBuildPhase section */
		A18FD44A1AF0FFEA00CBA8BF /* Resources */ = {
			isa = PBXResourcesBuildPhase;
			buildActionMask = 2147483647;
			files = (
				A164CCEF1AF2DFFE0046ED2F /* KeyboardToolbar.xib in Resources */,
				A18FD4571AF0FFEA00CBA8BF /* Main.storyboard in Resources */,
				A18FD45C1AF0FFEA00CBA8BF /* LaunchScreen.xib in Resources */,
				A18FD4591AF0FFEA00CBA8BF /* Images.xcassets in Resources */,
			);
			runOnlyForDeploymentPostprocessing = 0;
		};
/* End PBXResourcesBuildPhase section */

/* Begin PBXSourcesBuildPhase section */
		A18FD4481AF0FFEA00CBA8BF /* Sources */ = {
			isa = PBXSourcesBuildPhase;
			buildActionMask = 2147483647;
			files = (
				A164CCED1AF2ACE00046ED2F /* Experiment6ViewController.swift in Sources */,
				A164CCE51AF25E370046ED2F /* Experiment2ViewController.swift in Sources */,
				A164CCE31AF25E090046ED2F /* Experiment1ViewController.swift in Sources */,
				A164CCE91AF25E4C0046ED2F /* Experiment4ViewController.swift in Sources */,
				A164CCF11AF2E0A40046ED2F /* KeyboardToolbar.swift in Sources */,
				A164CCE71AF25E420046ED2F /* Experiment3ViewController.swift in Sources */,
				A164CCEB1AF2A2D20046ED2F /* Experiment5ViewController.swift in Sources */,
				A18FD4541AF0FFEA00CBA8BF /* ViewController.swift in Sources */,
				A18FD4521AF0FFEA00CBA8BF /* AppDelegate.swift in Sources */,
			);
			runOnlyForDeploymentPostprocessing = 0;
		};
/* End PBXSourcesBuildPhase section */

/* Begin PBXVariantGroup section */
		A18FD4551AF0FFEA00CBA8BF /* Main.storyboard */ = {
			isa = PBXVariantGroup;
			children = (
				A18FD4561AF0FFEA00CBA8BF /* Base */,
			);
			name = Main.storyboard;
			sourceTree = "<group>";
		};
		A18FD45A1AF0FFEA00CBA8BF /* LaunchScreen.xib */ = {
			isa = PBXVariantGroup;
			children = (
				A18FD45B1AF0FFEA00CBA8BF /* Base */,
			);
			name = LaunchScreen.xib;
			sourceTree = "<group>";
		};
/* End PBXVariantGroup section */

/* Begin XCBuildConfiguration section */
		A18FD4691AF0FFEA00CBA8BF /* Debug */ = {
			isa = XCBuildConfiguration;
			buildSettings = {
				ALWAYS_SEARCH_USER_PATHS = NO;
				CLANG_CXX_LANGUAGE_STANDARD = "gnu++0x";
				CLANG_CXX_LIBRARY = "libc++";
				CLANG_ENABLE_MODULES = YES;
				CLANG_ENABLE_OBJC_ARC = YES;
				CLANG_WARN_BOOL_CONVERSION = YES;
				CLANG_WARN_CONSTANT_CONVERSION = YES;
				CLANG_WARN_DIRECT_OBJC_ISA_USAGE = YES_ERROR;
				CLANG_WARN_EMPTY_BODY = YES;
				CLANG_WARN_ENUM_CONVERSION = YES;
				CLANG_WARN_INT_CONVERSION = YES;
				CLANG_WARN_OBJC_ROOT_CLASS = YES_ERROR;
				CLANG_WARN_UNREACHABLE_CODE = YES;
				CLANG_WARN__DUPLICATE_METHOD_MATCH = YES;
				"CODE_SIGN_IDENTITY[sdk=iphoneos*]" = "iPhone Developer";
				COPY_PHASE_STRIP = NO;
				DEBUG_INFORMATION_FORMAT = "dwarf-with-dsym";
				ENABLE_STRICT_OBJC_MSGSEND = YES;
				FRAMEWORK_SEARCH_PATHS = "\"/Applications/Spark Inspector.app/Contents/Resources/Frameworks\"";
				GCC_C_LANGUAGE_STANDARD = gnu99;
				GCC_DYNAMIC_NO_PIC = NO;
				GCC_NO_COMMON_BLOCKS = YES;
				GCC_OPTIMIZATION_LEVEL = 0;
				GCC_PREPROCESSOR_DEFINITIONS = (
					"DEBUG=1",
					"$(inherited)",
				);
				GCC_SYMBOLS_PRIVATE_EXTERN = NO;
				GCC_WARN_64_TO_32_BIT_CONVERSION = YES;
				GCC_WARN_ABOUT_RETURN_TYPE = YES_ERROR;
				GCC_WARN_UNDECLARED_SELECTOR = YES;
				GCC_WARN_UNINITIALIZED_AUTOS = YES_AGGRESSIVE;
				GCC_WARN_UNUSED_FUNCTION = YES;
				GCC_WARN_UNUSED_VARIABLE = YES;
				IPHONEOS_DEPLOYMENT_TARGET = 8.3;
				MTL_ENABLE_DEBUG_INFO = YES;
				ONLY_ACTIVE_ARCH = YES;
				OTHER_LDFLAGS = (
					"-ObjC",
					"-framework",
					SparkInspector,
				);
				SDKROOT = iphoneos;
				SWIFT_OPTIMIZATION_LEVEL = "-Onone";
			};
			name = Debug;
		};
		A18FD46A1AF0FFEA00CBA8BF /* Release */ = {
			isa = XCBuildConfiguration;
			buildSettings = {
				ALWAYS_SEARCH_USER_PATHS = NO;
				CLANG_CXX_LANGUAGE_STANDARD = "gnu++0x";
				CLANG_CXX_LIBRARY = "libc++";
				CLANG_ENABLE_MODULES = YES;
				CLANG_ENABLE_OBJC_ARC = YES;
				CLANG_WARN_BOOL_CONVERSION = YES;
				CLANG_WARN_CONSTANT_CONVERSION = YES;
				CLANG_WARN_DIRECT_OBJC_ISA_USAGE = YES_ERROR;
				CLANG_WARN_EMPTY_BODY = YES;
				CLANG_WARN_ENUM_CONVERSION = YES;
				CLANG_WARN_INT_CONVERSION = YES;
				CLANG_WARN_OBJC_ROOT_CLASS = YES_ERROR;
				CLANG_WARN_UNREACHABLE_CODE = YES;
				CLANG_WARN__DUPLICATE_METHOD_MATCH = YES;
				"CODE_SIGN_IDENTITY[sdk=iphoneos*]" = "iPhone Developer";
				COPY_PHASE_STRIP = NO;
				DEBUG_INFORMATION_FORMAT = "dwarf-with-dsym";
				ENABLE_NS_ASSERTIONS = NO;
				ENABLE_STRICT_OBJC_MSGSEND = YES;
				GCC_C_LANGUAGE_STANDARD = gnu99;
				GCC_NO_COMMON_BLOCKS = YES;
				GCC_WARN_64_TO_32_BIT_CONVERSION = YES;
				GCC_WARN_ABOUT_RETURN_TYPE = YES_ERROR;
				GCC_WARN_UNDECLARED_SELECTOR = YES;
				GCC_WARN_UNINITIALIZED_AUTOS = YES_AGGRESSIVE;
				GCC_WARN_UNUSED_FUNCTION = YES;
				GCC_WARN_UNUSED_VARIABLE = YES;
				IPHONEOS_DEPLOYMENT_TARGET = 8.3;
				MTL_ENABLE_DEBUG_INFO = NO;
				SDKROOT = iphoneos;
				VALIDATE_PRODUCT = YES;
			};
			name = Release;
		};
		A18FD46C1AF0FFEA00CBA8BF /* Debug */ = {
			isa = XCBuildConfiguration;
			buildSettings = {
				ASSETCATALOG_COMPILER_APPICON_NAME = AppIcon;
				CODE_SIGN_IDENTITY = "iPhone Developer";
				FRAMEWORK_SEARCH_PATHS = "\"/Applications/Spark Inspector.app/Contents/Resources/Frameworks\"";
				INFOPLIST_FILE = PrototypingNewMessage/Info.plist;
				IPHONEOS_DEPLOYMENT_TARGET = 8.1;
				LD_RUNPATH_SEARCH_PATHS = "$(inherited) @executable_path/Frameworks";
				OTHER_LDFLAGS = (
					"-ObjC",
					"-framework",
					SparkInspector,
				);
				PRODUCT_NAME = "$(TARGET_NAME)";
			};
			name = Debug;
		};
		A18FD46D1AF0FFEA00CBA8BF /* Release */ = {
			isa = XCBuildConfiguration;
			buildSettings = {
				ASSETCATALOG_COMPILER_APPICON_NAME = AppIcon;
				CODE_SIGN_IDENTITY = "iPhone Developer";
				INFOPLIST_FILE = PrototypingNewMessage/Info.plist;
				IPHONEOS_DEPLOYMENT_TARGET = 8.1;
				LD_RUNPATH_SEARCH_PATHS = "$(inherited) @executable_path/Frameworks";
				PRODUCT_NAME = "$(TARGET_NAME)";
			};
			name = Release;
		};
/* End XCBuildConfiguration section */

/* Begin XCConfigurationList section */
		A18FD4471AF0FFEA00CBA8BF /* Build configuration list for PBXProject "PrototypingNewMessage" */ = {
			isa = XCConfigurationList;
			buildConfigurations = (
				A18FD4691AF0FFEA00CBA8BF /* Debug */,
				A18FD46A1AF0FFEA00CBA8BF /* Release */,
			);
			defaultConfigurationIsVisible = 0;
			defaultConfigurationName = Release;
		};
		A18FD46B1AF0FFEA00CBA8BF /* Build configuration list for PBXNativeTarget "PrototypingNewMessage" */ = {
			isa = XCConfigurationList;
			buildConfigurations = (
				A18FD46C1AF0FFEA00CBA8BF /* Debug */,
				A18FD46D1AF0FFEA00CBA8BF /* Release */,
			);
			defaultConfigurationIsVisible = 0;
			defaultConfigurationName = Release;
		};
/* End XCConfigurationList section */
	};
	rootObject = A18FD4441AF0FFEA00CBA8BF /* Project object */;
}
