// !$*UTF8*$!
{
	archiveVersion = 1;
	classes = {
	};
	objectVersion = 46;
	objects = {

/* Begin PBXBuildFile section */
		A18FD4521AF0FFEA00CBA8BF /* AppDelegate.swift in Sources */ = {isa = PBXBuildFile; fileRef = A18FD4511AF0FFEA00CBA8BF /* AppDelegate.swift */; };
		A18FD4541AF0FFEA00CBA8BF /* ViewController.swift in Sources */ = {isa = PBXBuildFile; fileRef = A18FD4531AF0FFEA00CBA8BF /* ViewController.swift */; };
		A18FD4571AF0FFEA00CBA8BF /* Main.storyboard in Resources */ = {isa = PBXBuildFile; fileRef = A18FD4551AF0FFEA00CBA8BF /* Main.storyboard */; };
		A18FD4591AF0FFEA00CBA8BF /* Images.xcassets in Resources */ = {isa = PBXBuildFile; fileRef = A18FD4581AF0FFEA00CBA8BF /* Images.xcassets */; };
		A18FD45C1AF0FFEA00CBA8BF /* LaunchScreen.xib in Resources */ = {isa = PBXBuildFile; fileRef = A18FD45A1AF0FFEA00CBA8BF /* LaunchScreen.xib */; };
		A18FD4681AF0FFEA00CBA8BF /* PrototypingNewMessageTests.swift in Sources */ = {isa = PBXBuildFile; fileRef = A18FD4671AF0FFEA00CBA8BF /* PrototypingNewMessageTests.swift */; };
/* End PBXBuildFile section */

/* Begin PBXContainerItemProxy section */
		A18FD4621AF0FFEA00CBA8BF /* PBXContainerItemProxy */ = {
			isa = PBXContainerItemProxy;
			containerPortal = A18FD4441AF0FFEA00CBA8BF /* Project object */;
			proxyType = 1;
			remoteGlobalIDString = A18FD44B1AF0FFEA00CBA8BF;
			remoteInfo = PrototypingNewMessage;
		};
/* End PBXContainerItemProxy section */

/* Begin PBXFileReference section */
		A18FD44C1AF0FFEA00CBA8BF /* PrototypingNewMessage.app */ = {isa = PBXFileReference; explicitFileType = wrapper.application; includeInIndex = 0; path = PrototypingNewMessage.app; sourceTree = BUILT_PRODUCTS_DIR; };
		A18FD4501AF0FFEA00CBA8BF /* Info.plist */ = {isa = PBXFileReference; lastKnownFileType = text.plist.xml; path = Info.plist; sourceTree = "<group>"; };
		A18FD4511AF0FFEA00CBA8BF /* AppDelegate.swift */ = {isa = PBXFileReference; lastKnownFileType = sourcecode.swift; path = AppDelegate.swift; sourceTree = "<group>"; };
		A18FD4531AF0FFEA00CBA8BF /* ViewController.swift */ = {isa = PBXFileReference; lastKnownFileType = sourcecode.swift; path = ViewController.swift; sourceTree = "<group>"; };
		A18FD4561AF0FFEA00CBA8BF /* Base */ = {isa = PBXFileReference; lastKnownFileType = file.storyboard; name = Base; path = Base.lproj/Main.storyboard; sourceTree = "<group>"; };
		A18FD4581AF0FFEA00CBA8BF /* Images.xcassets */ = {isa = PBXFileReference; lastKnownFileType = folder.assetcatalog; path = Images.xcassets; sourceTree = "<group>"; };
		A18FD45B1AF0FFEA00CBA8BF /* Base */ = {isa = PBXFileReference; lastKnownFileType = file.xib; name = Base; path = Base.lproj/LaunchScreen.xib; sourceTree = "<group>"; };
		A18FD4611AF0FFEA00CBA8BF /* PrototypingNewMessageTests.xctest */ = {isa = PBXFileReference; explicitFileType = wrapper.cfbundle; includeInIndex = 0; path = PrototypingNewMessageTests.xctest; sourceTree = BUILT_PRODUCTS_DIR; };
		A18FD4661AF0FFEA00CBA8BF /* Info.plist */ = {isa = PBXFileReference; lastKnownFileType = text.plist.xml; path = Info.plist; sourceTree = "<group>"; };
		A18FD4671AF0FFEA00CBA8BF /* PrototypingNewMessageTests.swift */ = {isa = PBXFileReference; lastKnownFileType = sourcecode.swift; path = PrototypingNewMessageTests.swift; sourceTree = "<group>"; };
/* End PBXFileReference section */

/* Begin PBXFrameworksBuildPhase section */
		A18FD4491AF0FFEA00CBA8BF /* Frameworks */ = {
			isa = PBXFrameworksBuildPhase;
			buildActionMask = 2147483647;
			files = (
			);
			runOnlyForDeploymentPostprocessing = 0;
		};
		A18FD45E1AF0FFEA00CBA8BF /* Frameworks */ = {
			isa = PBXFrameworksBuildPhase;
			buildActionMask = 2147483647;
			files = (
			);
			runOnlyForDeploymentPostprocessing = 0;
		};
/* End PBXFrameworksBuildPhase section */

/* Begin PBXGroup section */
		A18FD4431AF0FFEA00CBA8BF = {
			isa = PBXGroup;
			children = (
				A18FD44E1AF0FFEA00CBA8BF /* PrototypingNewMessage */,
				A18FD4641AF0FFEA00CBA8BF /* PrototypingNewMessageTests */,
				A18FD44D1AF0FFEA00CBA8BF /* Products */,
			);
			sourceTree = "<group>";
		};
		A18FD44D1AF0FFEA00CBA8BF /* Products */ = {
			isa = PBXGroup;
			children = (
				A18FD44C1AF0FFEA00CBA8BF /* PrototypingNewMessage.app */,
				A18FD4611AF0FFEA00CBA8BF /* PrototypingNewMessageTests.xctest */,
			);
			name = Products;
			sourceTree = "<group>";
		};
		A18FD44E1AF0FFEA00CBA8BF /* PrototypingNewMessage */ = {
			isa = PBXGroup;
			children = (
				A18FD4511AF0FFEA00CBA8BF /* AppDelegate.swift */,
				A18FD4531AF0FFEA00CBA8BF /* ViewController.swift */,
				A18FD4551AF0FFEA00CBA8BF /* Main.storyboard */,
				A18FD4581AF0FFEA00CBA8BF /* Images.xcassets */,
				A18FD45A1AF0FFEA00CBA8BF /* LaunchScreen.xib */,
				A18FD44F1AF0FFEA00CBA8BF /* Supporting Files */,
			);
			path = PrototypingNewMessage;
			sourceTree = "<group>";
		};
		A18FD44F1AF0FFEA00CBA8BF /* Supporting Files */ = {
			isa = PBXGroup;
			children = (
				A18FD4501AF0FFEA00CBA8BF /* Info.plist */,
			);
			name = "Supporting Files";
			sourceTree = "<group>";
		};
		A18FD4641AF0FFEA00CBA8BF /* PrototypingNewMessageTests */ = {
			isa = PBXGroup;
			children = (
				A18FD4671AF0FFEA00CBA8BF /* PrototypingNewMessageTests.swift */,
				A18FD4651AF0FFEA00CBA8BF /* Supporting Files */,
			);
			path = PrototypingNewMessageTests;
			sourceTree = "<group>";
		};
		A18FD4651AF0FFEA00CBA8BF /* Supporting Files */ = {
			isa = PBXGroup;
			children = (
				A18FD4661AF0FFEA00CBA8BF /* Info.plist */,
			);
			name = "Supporting Files";
			sourceTree = "<group>";
		};
/* End PBXGroup section */

/* Begin PBXNativeTarget section */
		A18FD44B1AF0FFEA00CBA8BF /* PrototypingNewMessage */ = {
			isa = PBXNativeTarget;
			buildConfigurationList = A18FD46B1AF0FFEA00CBA8BF /* Build configuration list for PBXNativeTarget "PrototypingNewMessage" */;
			buildPhases = (
				A18FD4481AF0FFEA00CBA8BF /* Sources */,
				A18FD4491AF0FFEA00CBA8BF /* Frameworks */,
				A18FD44A1AF0FFEA00CBA8BF /* Resources */,
			);
			buildRules = (
			);
			dependencies = (
			);
			name = PrototypingNewMessage;
			productName = PrototypingNewMessage;
			productReference = A18FD44C1AF0FFEA00CBA8BF /* PrototypingNewMessage.app */;
			productType = "com.apple.product-type.application";
		};
		A18FD4601AF0FFEA00CBA8BF /* PrototypingNewMessageTests */ = {
			isa = PBXNativeTarget;
			buildConfigurationList = A18FD46E1AF0FFEA00CBA8BF /* Build configuration list for PBXNativeTarget "PrototypingNewMessageTests" */;
			buildPhases = (
				A18FD45D1AF0FFEA00CBA8BF /* Sources */,
				A18FD45E1AF0FFEA00CBA8BF /* Frameworks */,
				A18FD45F1AF0FFEA00CBA8BF /* Resources */,
			);
			buildRules = (
			);
			dependencies = (
				A18FD4631AF0FFEA00CBA8BF /* PBXTargetDependency */,
			);
			name = PrototypingNewMessageTests;
			productName = PrototypingNewMessageTests;
			productReference = A18FD4611AF0FFEA00CBA8BF /* PrototypingNewMessageTests.xctest */;
			productType = "com.apple.product-type.bundle.unit-test";
		};
/* End PBXNativeTarget section */

/* Begin PBXProject section */
		A18FD4441AF0FFEA00CBA8BF /* Project object */ = {
			isa = PBXProject;
			attributes = {
				LastUpgradeCheck = 0630;
				ORGANIZATIONNAME = "Plamen Andreev";
				TargetAttributes = {
					A18FD44B1AF0FFEA00CBA8BF = {
						CreatedOnToolsVersion = 6.3.1;
					};
					A18FD4601AF0FFEA00CBA8BF = {
						CreatedOnToolsVersion = 6.3.1;
						TestTargetID = A18FD44B1AF0FFEA00CBA8BF;
					};
				};
			};
			buildConfigurationList = A18FD4471AF0FFEA00CBA8BF /* Build configuration list for PBXProject "PrototypingNewMessage" */;
			compatibilityVersion = "Xcode 3.2";
			developmentRegion = English;
			hasScannedForEncodings = 0;
			knownRegions = (
				en,
				Base,
			);
			mainGroup = A18FD4431AF0FFEA00CBA8BF;
			productRefGroup = A18FD44D1AF0FFEA00CBA8BF /* Products */;
			projectDirPath = "";
			projectRoot = "";
			targets = (
				A18FD44B1AF0FFEA00CBA8BF /* PrototypingNewMessage */,
				A18FD4601AF0FFEA00CBA8BF /* PrototypingNewMessageTests */,
			);
		};
/* End PBXProject section */

/* Begin PBXResourcesBuildPhase section */
		A18FD44A1AF0FFEA00CBA8BF /* Resources */ = {
			isa = PBXResourcesBuildPhase;
			buildActionMask = 2147483647;
			files = (
				A18FD4571AF0FFEA00CBA8BF /* Main.storyboard in Resources */,
				A18FD45C1AF0FFEA00CBA8BF /* LaunchScreen.xib in Resources */,
				A18FD4591AF0FFEA00CBA8BF /* Images.xcassets in Resources */,
			);
			runOnlyForDeploymentPostprocessing = 0;
		};
		A18FD45F1AF0FFEA00CBA8BF /* Resources */ = {
			isa = PBXResourcesBuildPhase;
			buildActionMask = 2147483647;
			files = (
			);
			runOnlyForDeploymentPostprocessing = 0;
		};
/* End PBXResourcesBuildPhase section */

/* Begin PBXSourcesBuildPhase section */
		A18FD4481AF0FFEA00CBA8BF /* Sources */ = {
			isa = PBXSourcesBuildPhase;
			buildActionMask = 2147483647;
			files = (
				A18FD4541AF0FFEA00CBA8BF /* ViewController.swift in Sources */,
				A18FD4521AF0FFEA00CBA8BF /* AppDelegate.swift in Sources */,
			);
			runOnlyForDeploymentPostprocessing = 0;
		};
		A18FD45D1AF0FFEA00CBA8BF /* Sources */ = {
			isa = PBXSourcesBuildPhase;
			buildActionMask = 2147483647;
			files = (
				A18FD4681AF0FFEA00CBA8BF /* PrototypingNewMessageTests.swift in Sources */,
			);
			runOnlyForDeploymentPostprocessing = 0;
		};
/* End PBXSourcesBuildPhase section */

/* Begin PBXTargetDependency section */
		A18FD4631AF0FFEA00CBA8BF /* PBXTargetDependency */ = {
			isa = PBXTargetDependency;
			target = A18FD44B1AF0FFEA00CBA8BF /* PrototypingNewMessage */;
			targetProxy = A18FD4621AF0FFEA00CBA8BF /* PBXContainerItemProxy */;
		};
/* End PBXTargetDependency section */

/* Begin PBXVariantGroup section */
		A18FD4551AF0FFEA00CBA8BF /* Main.storyboard */ = {
			isa = PBXVariantGroup;
			children = (
				A18FD4561AF0FFEA00CBA8BF /* Base */,
			);
			name = Main.storyboard;
			sourceTree = "<group>";
		};
		A18FD45A1AF0FFEA00CBA8BF /* LaunchScreen.xib */ = {
			isa = PBXVariantGroup;
			children = (
				A18FD45B1AF0FFEA00CBA8BF /* Base */,
			);
			name = LaunchScreen.xib;
			sourceTree = "<group>";
		};
/* End PBXVariantGroup section */

/* Begin XCBuildConfiguration section */
		A18FD4691AF0FFEA00CBA8BF /* Debug */ = {
			isa = XCBuildConfiguration;
			buildSettings = {
				ALWAYS_SEARCH_USER_PATHS = NO;
				CLANG_CXX_LANGUAGE_STANDARD = "gnu++0x";
				CLANG_CXX_LIBRARY = "libc++";
				CLANG_ENABLE_MODULES = YES;
				CLANG_ENABLE_OBJC_ARC = YES;
				CLANG_WARN_BOOL_CONVERSION = YES;
				CLANG_WARN_CONSTANT_CONVERSION = YES;
				CLANG_WARN_DIRECT_OBJC_ISA_USAGE = YES_ERROR;
				CLANG_WARN_EMPTY_BODY = YES;
				CLANG_WARN_ENUM_CONVERSION = YES;
				CLANG_WARN_INT_CONVERSION = YES;
				CLANG_WARN_OBJC_ROOT_CLASS = YES_ERROR;
				CLANG_WARN_UNREACHABLE_CODE = YES;
				CLANG_WARN__DUPLICATE_METHOD_MATCH = YES;
				"CODE_SIGN_IDENTITY[sdk=iphoneos*]" = "iPhone Developer";
				COPY_PHASE_STRIP = NO;
				DEBUG_INFORMATION_FORMAT = "dwarf-with-dsym";
				ENABLE_STRICT_OBJC_MSGSEND = YES;
				GCC_C_LANGUAGE_STANDARD = gnu99;
				GCC_DYNAMIC_NO_PIC = NO;
				GCC_NO_COMMON_BLOCKS = YES;
				GCC_OPTIMIZATION_LEVEL = 0;
				GCC_PREPROCESSOR_DEFINITIONS = (
					"DEBUG=1",
					"$(inherited)",
				);
				GCC_SYMBOLS_PRIVATE_EXTERN = NO;
				GCC_WARN_64_TO_32_BIT_CONVERSION = YES;
				GCC_WARN_ABOUT_RETURN_TYPE = YES_ERROR;
				GCC_WARN_UNDECLARED_SELECTOR = YES;
				GCC_WARN_UNINITIALIZED_AUTOS = YES_AGGRESSIVE;
				GCC_WARN_UNUSED_FUNCTION = YES;
				GCC_WARN_UNUSED_VARIABLE = YES;
				IPHONEOS_DEPLOYMENT_TARGET = 8.3;
				MTL_ENABLE_DEBUG_INFO = YES;
				ONLY_ACTIVE_ARCH = YES;
				SDKROOT = iphoneos;
				SWIFT_OPTIMIZATION_LEVEL = "-Onone";
			};
			name = Debug;
		};
		A18FD46A1AF0FFEA00CBA8BF /* Release */ = {
			isa = XCBuildConfiguration;
			buildSettings = {
				ALWAYS_SEARCH_USER_PATHS = NO;
				CLANG_CXX_LANGUAGE_STANDARD = "gnu++0x";
				CLANG_CXX_LIBRARY = "libc++";
				CLANG_ENABLE_MODULES = YES;
				CLANG_ENABLE_OBJC_ARC = YES;
				CLANG_WARN_BOOL_CONVERSION = YES;
				CLANG_WARN_CONSTANT_CONVERSION = YES;
				CLANG_WARN_DIRECT_OBJC_ISA_USAGE = YES_ERROR;
				CLANG_WARN_EMPTY_BODY = YES;
				CLANG_WARN_ENUM_CONVERSION = YES;
				CLANG_WARN_INT_CONVERSION = YES;
				CLANG_WARN_OBJC_ROOT_CLASS = YES_ERROR;
				CLANG_WARN_UNREACHABLE_CODE = YES;
				CLANG_WARN__DUPLICATE_METHOD_MATCH = YES;
				"CODE_SIGN_IDENTITY[sdk=iphoneos*]" = "iPhone Developer";
				COPY_PHASE_STRIP = NO;
				DEBUG_INFORMATION_FORMAT = "dwarf-with-dsym";
				ENABLE_NS_ASSERTIONS = NO;
				ENABLE_STRICT_OBJC_MSGSEND = YES;
				GCC_C_LANGUAGE_STANDARD = gnu99;
				GCC_NO_COMMON_BLOCKS = YES;
				GCC_WARN_64_TO_32_BIT_CONVERSION = YES;
				GCC_WARN_ABOUT_RETURN_TYPE = YES_ERROR;
				GCC_WARN_UNDECLARED_SELECTOR = YES;
				GCC_WARN_UNINITIALIZED_AUTOS = YES_AGGRESSIVE;
				GCC_WARN_UNUSED_FUNCTION = YES;
				GCC_WARN_UNUSED_VARIABLE = YES;
				IPHONEOS_DEPLOYMENT_TARGET = 8.3;
				MTL_ENABLE_DEBUG_INFO = NO;
				SDKROOT = iphoneos;
				VALIDATE_PRODUCT = YES;
			};
			name = Release;
		};
		A18FD46C1AF0FFEA00CBA8BF /* Debug */ = {
			isa = XCBuildConfiguration;
			buildSettings = {
				ASSETCATALOG_COMPILER_APPICON_NAME = AppIcon;
				INFOPLIST_FILE = PrototypingNewMessage/Info.plist;
				LD_RUNPATH_SEARCH_PATHS = "$(inherited) @executable_path/Frameworks";
				PRODUCT_NAME = "$(TARGET_NAME)";
			};
			name = Debug;
		};
		A18FD46D1AF0FFEA00CBA8BF /* Release */ = {
			isa = XCBuildConfiguration;
			buildSettings = {
				ASSETCATALOG_COMPILER_APPICON_NAME = AppIcon;
				INFOPLIST_FILE = PrototypingNewMessage/Info.plist;
				LD_RUNPATH_SEARCH_PATHS = "$(inherited) @executable_path/Frameworks";
				PRODUCT_NAME = "$(TARGET_NAME)";
			};
			name = Release;
		};
		A18FD46F1AF0FFEA00CBA8BF /* Debug */ = {
			isa = XCBuildConfiguration;
			buildSettings = {
				BUNDLE_LOADER = "$(TEST_HOST)";
				FRAMEWORK_SEARCH_PATHS = (
					"$(SDKROOT)/Developer/Library/Frameworks",
					"$(inherited)",
				);
				GCC_PREPROCESSOR_DEFINITIONS = (
					"DEBUG=1",
					"$(inherited)",
				);
				INFOPLIST_FILE = PrototypingNewMessageTests/Info.plist;
				LD_RUNPATH_SEARCH_PATHS = "$(inherited) @executable_path/Frameworks @loader_path/Frameworks";
				PRODUCT_NAME = "$(TARGET_NAME)";
				TEST_HOST = "$(BUILT_PRODUCTS_DIR)/PrototypingNewMessage.app/PrototypingNewMessage";
			};
			name = Debug;
		};
		A18FD4701AF0FFEA00CBA8BF /* Release */ = {
			isa = XCBuildConfiguration;
			buildSettings = {
				BUNDLE_LOADER = "$(TEST_HOST)";
				FRAMEWORK_SEARCH_PATHS = (
					"$(SDKROOT)/Developer/Library/Frameworks",
					"$(inherited)",
				);
				INFOPLIST_FILE = PrototypingNewMessageTests/Info.plist;
				LD_RUNPATH_SEARCH_PATHS = "$(inherited) @executable_path/Frameworks @loader_path/Frameworks";
				PRODUCT_NAME = "$(TARGET_NAME)";
				TEST_HOST = "$(BUILT_PRODUCTS_DIR)/PrototypingNewMessage.app/PrototypingNewMessage";
			};
			name = Release;
		};
/* End XCBuildConfiguration section */

/* Begin XCConfigurationList section */
		A18FD4471AF0FFEA00CBA8BF /* Build configuration list for PBXProject "PrototypingNewMessage" */ = {
			isa = XCConfigurationList;
			buildConfigurations = (
				A18FD4691AF0FFEA00CBA8BF /* Debug */,
				A18FD46A1AF0FFEA00CBA8BF /* Release */,
			);
			defaultConfigurationIsVisible = 0;
			defaultConfigurationName = Release;
		};
		A18FD46B1AF0FFEA00CBA8BF /* Build configuration list for PBXNativeTarget "PrototypingNewMessage" */ = {
			isa = XCConfigurationList;
			buildConfigurations = (
				A18FD46C1AF0FFEA00CBA8BF /* Debug */,
				A18FD46D1AF0FFEA00CBA8BF /* Release */,
			);
			defaultConfigurationIsVisible = 0;
		};
		A18FD46E1AF0FFEA00CBA8BF /* Build configuration list for PBXNativeTarget "PrototypingNewMessageTests" */ = {
			isa = XCConfigurationList;
			buildConfigurations = (
				A18FD46F1AF0FFEA00CBA8BF /* Debug */,
				A18FD4701AF0FFEA00CBA8BF /* Release */,
			);
			defaultConfigurationIsVisible = 0;
		};
/* End XCConfigurationList section */
	};
	rootObject = A18FD4441AF0FFEA00CBA8BF /* Project object */;
}
